
Microsoft Visual Studio Solution File, Format Version 12.00
# Visual Studio Version 16
VisualStudioVersion = 16.0.29020.237
MinimumVisualStudioVersion = 10.0.40219.1
Project("{FAE04EC0-301F-11D3-BF4B-00C04F79EFBC}") = "data-structures-stack", "data-structures-stack\data-structures-stack.csproj", "{5F32FB02-B42F-4DAB-AB1F-982D7524132F}"
EndProject
Global
	GlobalSection(SolutionConfigurationPlatforms) = preSolution
		Debug|Any CPU = Debug|Any CPU
		Release|Any CPU = Release|Any CPU
	EndGlobalSection
	GlobalSection(ProjectConfigurationPlatforms) = postSolution
		{5F32FB02-B42F-4DAB-AB1F-982D7524132F}.Debug|Any CPU.ActiveCfg = Debug|Any CPU
		{5F32FB02-B42F-4DAB-AB1F-982D7524132F}.Debug|Any CPU.Build.0 = Debug|Any CPU
		{5F32FB02-B42F-4DAB-AB1F-982D7524132F}.Release|Any CPU.ActiveCfg = Release|Any CPU
		{5F32FB02-B42F-4DAB-AB1F-982D7524132F}.Release|Any CPU.Build.0 = Release|Any CPU
	EndGlobalSection
	GlobalSection(SolutionProperties) = preSolution
		HideSolutionNode = FALSE
	EndGlobalSection
	GlobalSection(ExtensibilityGlobals) = postSolution
		SolutionGuid = {A7B3345C-5404-490B-93E6-00B04AF30955}
	EndGlobalSection
EndGlobal
